{
  "name": "webmididemo",
  "version": "1.0.0",
  "lockfileVersion": 1,
  "requires": true,
  "dependencies": {
    "webmidi": {
      "version": "2.0.4",
      "resolved": "https://registry.npmjs.org/webmidi/-/webmidi-2.0.4.tgz",
      "integrity": "sha512-dlE8vlvzlOlowBYpMwSwxsA+n+1Dhz7g9cb3lbJQQlpEiVp+dd3eyfF+DLuUIiCT7IiCkqdQobioat0higniIA=="
    }
  }
}
